
Microsoft Visual Studio Solution File, Format Version 12.00
# Visual Studio Version 16
VisualStudioVersion = 16.0.29025.244
MinimumVisualStudioVersion = 10.0.40219.1
Project("{FAE04EC0-301F-11D3-BF4B-00C04F79EFBC}") = "SuperAdventure", "SuperAdventure\SuperAdventure.csproj", "{8B929F7C-BC41-4A1F-B608-581DD2989778}"
EndProject
Global
	GlobalSection(SolutionConfigurationPlatforms) = preSolution
		Debug|Any CPU = Debug|Any CPU
		Release|Any CPU = Release|Any CPU
	EndGlobalSection
	GlobalSection(ProjectConfigurationPlatforms) = postSolution
		{8B929F7C-BC41-4A1F-B608-581DD2989778}.Debug|Any CPU.ActiveCfg = Debug|Any CPU
		{8B929F7C-BC41-4A1F-B608-581DD2989778}.Debug|Any CPU.Build.0 = Debug|Any CPU
		{8B929F7C-BC41-4A1F-B608-581DD2989778}.Release|Any CPU.ActiveCfg = Release|Any CPU
		{8B929F7C-BC41-4A1F-B608-581DD2989778}.Release|Any CPU.Build.0 = Release|Any CPU
	EndGlobalSection
	GlobalSection(SolutionProperties) = preSolution
		HideSolutionNode = FALSE
	EndGlobalSection
	GlobalSection(ExtensibilityGlobals) = postSolution
		SolutionGuid = {6F5445EA-FC1B-418B-A466-AEF94889BB7B}
	EndGlobalSection
EndGlobal
